
Microsoft Visual Studio Solution File, Format Version 12.00
# Visual Studio Version 17
VisualStudioVersion = 17.7.34031.279
MinimumVisualStudioVersion = 10.0.40219.1
Project("{FAE04EC0-301F-11D3-BF4B-00C04F79EFBC}") = "que1ass5", "que1ass5\que1ass5.csproj", "{4EEB87AD-B790-4371-862C-9983D026D513}"
EndProject
Global
	GlobalSection(SolutionConfigurationPlatforms) = preSolution
		Debug|Any CPU = Debug|Any CPU
		Release|Any CPU = Release|Any CPU
	EndGlobalSection
	GlobalSection(ProjectConfigurationPlatforms) = postSolution
		{4EEB87AD-B790-4371-862C-9983D026D513}.Debug|Any CPU.ActiveCfg = Debug|Any CPU
		{4EEB87AD-B790-4371-862C-9983D026D513}.Debug|Any CPU.Build.0 = Debug|Any CPU
		{4EEB87AD-B790-4371-862C-9983D026D513}.Release|Any CPU.ActiveCfg = Release|Any CPU
		{4EEB87AD-B790-4371-862C-9983D026D513}.Release|Any CPU.Build.0 = Release|Any CPU
	EndGlobalSection
	GlobalSection(SolutionProperties) = preSolution
		HideSolutionNode = FALSE
	EndGlobalSection
	GlobalSection(ExtensibilityGlobals) = postSolution
		SolutionGuid = {443D6B57-882A-452C-BC47-142A719D66C2}
	EndGlobalSection
EndGlobal
