
Microsoft Visual Studio Solution File, Format Version 12.00
# Visual Studio Version 17
VisualStudioVersion = 17.7.34031.279
MinimumVisualStudioVersion = 10.0.40219.1
Project("{FAE04EC0-301F-11D3-BF4B-00C04F79EFBC}") = "Que4Ass5", "Que4Ass5\Que4Ass5.csproj", "{B04E65C2-22BB-489A-B7F6-50DF033DBB6E}"
EndProject
Global
	GlobalSection(SolutionConfigurationPlatforms) = preSolution
		Debug|Any CPU = Debug|Any CPU
		Release|Any CPU = Release|Any CPU
	EndGlobalSection
	GlobalSection(ProjectConfigurationPlatforms) = postSolution
		{B04E65C2-22BB-489A-B7F6-50DF033DBB6E}.Debug|Any CPU.ActiveCfg = Debug|Any CPU
		{B04E65C2-22BB-489A-B7F6-50DF033DBB6E}.Debug|Any CPU.Build.0 = Debug|Any CPU
		{B04E65C2-22BB-489A-B7F6-50DF033DBB6E}.Release|Any CPU.ActiveCfg = Release|Any CPU
		{B04E65C2-22BB-489A-B7F6-50DF033DBB6E}.Release|Any CPU.Build.0 = Release|Any CPU
	EndGlobalSection
	GlobalSection(SolutionProperties) = preSolution
		HideSolutionNode = FALSE
	EndGlobalSection
	GlobalSection(ExtensibilityGlobals) = postSolution
		SolutionGuid = {14978559-F0D9-441A-870A-8156E4E89D02}
	EndGlobalSection
EndGlobal
