
Microsoft Visual Studio Solution File, Format Version 12.00
# Visual Studio Version 17
VisualStudioVersion = 17.7.34031.279
MinimumVisualStudioVersion = 10.0.40219.1
Project("{FAE04EC0-301F-11D3-BF4B-00C04F79EFBC}") = "Ass5Que3", "Ass5Que3\Ass5Que3.csproj", "{147A93C6-FEF8-4BB0-9A7D-A407E8BC1696}"
EndProject
Global
	GlobalSection(SolutionConfigurationPlatforms) = preSolution
		Debug|Any CPU = Debug|Any CPU
		Release|Any CPU = Release|Any CPU
	EndGlobalSection
	GlobalSection(ProjectConfigurationPlatforms) = postSolution
		{147A93C6-FEF8-4BB0-9A7D-A407E8BC1696}.Debug|Any CPU.ActiveCfg = Debug|Any CPU
		{147A93C6-FEF8-4BB0-9A7D-A407E8BC1696}.Debug|Any CPU.Build.0 = Debug|Any CPU
		{147A93C6-FEF8-4BB0-9A7D-A407E8BC1696}.Release|Any CPU.ActiveCfg = Release|Any CPU
		{147A93C6-FEF8-4BB0-9A7D-A407E8BC1696}.Release|Any CPU.Build.0 = Release|Any CPU
	EndGlobalSection
	GlobalSection(SolutionProperties) = preSolution
		HideSolutionNode = FALSE
	EndGlobalSection
	GlobalSection(ExtensibilityGlobals) = postSolution
		SolutionGuid = {C85D88A9-71CA-4BB0-B99B-9F86118CD369}
	EndGlobalSection
EndGlobal
